
Microsoft Visual Studio Solution File, Format Version 12.00
# Visual Studio Version 17
VisualStudioVersion = 17.8.34511.84
MinimumVisualStudioVersion = 10.0.40219.1
Project("{9A19103F-16F7-4668-BE54-9A1E7A4F7556}") = "ENS.Common", "ENS.Common\ENS.Common.csproj", "{744DEBFA-9ED5-4EFD-AE58-38522086B50C}"
EndProject
Project("{2150E333-8FDC-42A3-9474-1A3956D46DE8}") = "Src", "Src", "{D1D40407-2409-41A5-A288-D376C9B31FF6}"
EndProject
Project("{2150E333-8FDC-42A3-9474-1A3956D46DE8}") = "Tests", "Tests", "{F07DE243-E74F-4E66-86B1-89D40ED91E86}"
EndProject
Project("{9A19103F-16F7-4668-BE54-9A1E7A4F7556}") = "ENS.NotificationConfigurationService", "ENS.NotificationConfigurationService\ENS.NotificationConfigurationService.csproj", "{6D138CB4-8075-4370-8D72-E88A8595DE8A}"
EndProject
Project("{2150E333-8FDC-42A3-9474-1A3956D46DE8}") = "Services", "Services", "{53CFC67A-AAC0-4AFD-B1DC-D6880C880F2C}"
EndProject
Project("{9A19103F-16F7-4668-BE54-9A1E7A4F7556}") = "ENS.NotificationConfigurationService.Tests", "ENS.NotificationConfigurationService.Tests\ENS.NotificationConfigurationService.Tests.csproj", "{C31F9D4D-002A-40DC-959D-FF2615015EDF}"
EndProject
Project("{FAE04EC0-301F-11D3-BF4B-00C04F79EFBC}") = "ENS.Contracts", "ENS.Contracts\ENS.Contracts.csproj", "{D99E6C40-38A8-4C2D-82F6-2049C540E3A9}"
EndProject
Project("{FAE04EC0-301F-11D3-BF4B-00C04F79EFBC}") = "ENS.NotificationConfiguration", "ENS.NotificationConfiguration\ENS.NotificationConfiguration.csproj", "{F03341DF-90B1-4BEA-BF25-D6E44F81AACD}"
EndProject
Project("{FAE04EC0-301F-11D3-BF4B-00C04F79EFBC}") = "ENS.Resources", "ENS.Resources\ENS.Resources.csproj", "{F0F50211-1208-48AA-86EF-A04EDD0D265C}"
EndProject
Project("{2150E333-8FDC-42A3-9474-1A3956D46DE8}") = "Services", "Services", "{D0E4BAA4-B3C3-4CE1-B9AB-517F875BE167}"
EndProject
Global
	GlobalSection(SolutionConfigurationPlatforms) = preSolution
		Debug|Any CPU = Debug|Any CPU
		Release|Any CPU = Release|Any CPU
	EndGlobalSection
	GlobalSection(ProjectConfigurationPlatforms) = postSolution
		{744DEBFA-9ED5-4EFD-AE58-38522086B50C}.Debug|Any CPU.ActiveCfg = Debug|Any CPU
		{744DEBFA-9ED5-4EFD-AE58-38522086B50C}.Debug|Any CPU.Build.0 = Debug|Any CPU
		{744DEBFA-9ED5-4EFD-AE58-38522086B50C}.Release|Any CPU.ActiveCfg = Release|Any CPU
		{744DEBFA-9ED5-4EFD-AE58-38522086B50C}.Release|Any CPU.Build.0 = Release|Any CPU
		{6D138CB4-8075-4370-8D72-E88A8595DE8A}.Debug|Any CPU.ActiveCfg = Debug|Any CPU
		{6D138CB4-8075-4370-8D72-E88A8595DE8A}.Debug|Any CPU.Build.0 = Debug|Any CPU
		{6D138CB4-8075-4370-8D72-E88A8595DE8A}.Release|Any CPU.ActiveCfg = Release|Any CPU
		{6D138CB4-8075-4370-8D72-E88A8595DE8A}.Release|Any CPU.Build.0 = Release|Any CPU
		{C31F9D4D-002A-40DC-959D-FF2615015EDF}.Debug|Any CPU.ActiveCfg = Debug|Any CPU
		{C31F9D4D-002A-40DC-959D-FF2615015EDF}.Debug|Any CPU.Build.0 = Debug|Any CPU
		{C31F9D4D-002A-40DC-959D-FF2615015EDF}.Release|Any CPU.ActiveCfg = Release|Any CPU
		{C31F9D4D-002A-40DC-959D-FF2615015EDF}.Release|Any CPU.Build.0 = Release|Any CPU
		{D99E6C40-38A8-4C2D-82F6-2049C540E3A9}.Debug|Any CPU.ActiveCfg = Debug|Any CPU
		{D99E6C40-38A8-4C2D-82F6-2049C540E3A9}.Debug|Any CPU.Build.0 = Debug|Any CPU
		{D99E6C40-38A8-4C2D-82F6-2049C540E3A9}.Release|Any CPU.ActiveCfg = Release|Any CPU
		{D99E6C40-38A8-4C2D-82F6-2049C540E3A9}.Release|Any CPU.Build.0 = Release|Any CPU
		{F03341DF-90B1-4BEA-BF25-D6E44F81AACD}.Debug|Any CPU.ActiveCfg = Debug|Any CPU
		{F03341DF-90B1-4BEA-BF25-D6E44F81AACD}.Debug|Any CPU.Build.0 = Debug|Any CPU
		{F03341DF-90B1-4BEA-BF25-D6E44F81AACD}.Release|Any CPU.ActiveCfg = Release|Any CPU
		{F03341DF-90B1-4BEA-BF25-D6E44F81AACD}.Release|Any CPU.Build.0 = Release|Any CPU
		{F0F50211-1208-48AA-86EF-A04EDD0D265C}.Debug|Any CPU.ActiveCfg = Debug|Any CPU
		{F0F50211-1208-48AA-86EF-A04EDD0D265C}.Debug|Any CPU.Build.0 = Debug|Any CPU
		{F0F50211-1208-48AA-86EF-A04EDD0D265C}.Release|Any CPU.ActiveCfg = Release|Any CPU
		{F0F50211-1208-48AA-86EF-A04EDD0D265C}.Release|Any CPU.Build.0 = Release|Any CPU
	EndGlobalSection
	GlobalSection(SolutionProperties) = preSolution
		HideSolutionNode = FALSE
	EndGlobalSection
	GlobalSection(NestedProjects) = preSolution
		{744DEBFA-9ED5-4EFD-AE58-38522086B50C} = {D1D40407-2409-41A5-A288-D376C9B31FF6}
		{6D138CB4-8075-4370-8D72-E88A8595DE8A} = {D0E4BAA4-B3C3-4CE1-B9AB-517F875BE167}
		{53CFC67A-AAC0-4AFD-B1DC-D6880C880F2C} = {F07DE243-E74F-4E66-86B1-89D40ED91E86}
		{C31F9D4D-002A-40DC-959D-FF2615015EDF} = {53CFC67A-AAC0-4AFD-B1DC-D6880C880F2C}
		{D99E6C40-38A8-4C2D-82F6-2049C540E3A9} = {D1D40407-2409-41A5-A288-D376C9B31FF6}
		{F03341DF-90B1-4BEA-BF25-D6E44F81AACD} = {D1D40407-2409-41A5-A288-D376C9B31FF6}
		{F0F50211-1208-48AA-86EF-A04EDD0D265C} = {D1D40407-2409-41A5-A288-D376C9B31FF6}
		{D0E4BAA4-B3C3-4CE1-B9AB-517F875BE167} = {D1D40407-2409-41A5-A288-D376C9B31FF6}
	EndGlobalSection
	GlobalSection(ExtensibilityGlobals) = postSolution
		SolutionGuid = {4DCEE9BA-2ABD-4588-9B76-3A03E395A3D5}
	EndGlobalSection
EndGlobal
