
Microsoft Visual Studio Solution File, Format Version 12.00
# Visual Studio Version 17
VisualStudioVersion = 17.8.34511.84
MinimumVisualStudioVersion = 10.0.40219.1
Project("{FAE04EC0-301F-11D3-BF4B-00C04F79EFBC}") = "ENS.Common", "ENS.Common\ENS.Common.csproj", "{744DEBFA-9ED5-4EFD-AE58-38522086B50C}"
EndProject
Global
	GlobalSection(SolutionConfigurationPlatforms) = preSolution
		Debug|Any CPU = Debug|Any CPU
		Release|Any CPU = Release|Any CPU
	EndGlobalSection
	GlobalSection(ProjectConfigurationPlatforms) = postSolution
		{744DEBFA-9ED5-4EFD-AE58-38522086B50C}.Debug|Any CPU.ActiveCfg = Debug|Any CPU
		{744DEBFA-9ED5-4EFD-AE58-38522086B50C}.Debug|Any CPU.Build.0 = Debug|Any CPU
		{744DEBFA-9ED5-4EFD-AE58-38522086B50C}.Release|Any CPU.ActiveCfg = Release|Any CPU
		{744DEBFA-9ED5-4EFD-AE58-38522086B50C}.Release|Any CPU.Build.0 = Release|Any CPU
	EndGlobalSection
	GlobalSection(SolutionProperties) = preSolution
		HideSolutionNode = FALSE
	EndGlobalSection
	GlobalSection(ExtensibilityGlobals) = postSolution
		SolutionGuid = {4DCEE9BA-2ABD-4588-9B76-3A03E395A3D5}
	EndGlobalSection
EndGlobal
